// !$*UTF8*$!
{
	archiveVersion = 1;
	classes = {
	};
	objectVersion = 50;
	objects = {

/* Begin PBXBuildFile section */
		62F165BE25360DF300AFDF3B /* AppDelegate.swift in Sources */ = {isa = PBXBuildFile; fileRef = 62F165BD25360DF300AFDF3B /* AppDelegate.swift */; };
		62F165C725360DF300AFDF3B /* Assets.xcassets in Resources */ = {isa = PBXBuildFile; fileRef = 62F165C625360DF300AFDF3B /* Assets.xcassets */; };
		62F165CA25360DF300AFDF3B /* LaunchScreen.storyboard in Resources */ = {isa = PBXBuildFile; fileRef = 62F165C825360DF300AFDF3B /* LaunchScreen.storyboard */; };
		62F165D525360DF400AFDF3B /* FormScrollingiOS14Tests.swift in Sources */ = {isa = PBXBuildFile; fileRef = 62F165D425360DF400AFDF3B /* FormScrollingiOS14Tests.swift */; };
		62F165E025360DF400AFDF3B /* FormScrollingiOS14UITests.swift in Sources */ = {isa = PBXBuildFile; fileRef = 62F165DF25360DF400AFDF3B /* FormScrollingiOS14UITests.swift */; };
		62F165F92536124C00AFDF3B /* MainViewController.swift in Sources */ = {isa = PBXBuildFile; fileRef = 62F165F82536124C00AFDF3B /* MainViewController.swift */; };
		62F1660D25364A8000AFDF3B /* UITextField+Extensions.swift in Sources */ = {isa = PBXBuildFile; fileRef = 62F1660C25364A8000AFDF3B /* UITextField+Extensions.swift */; };
		8DB6BAFF25AAB029008118FA /* DoubleViewBuilder.swift in Sources */ = {isa = PBXBuildFile; fileRef = 8DB6BAFE25AAB029008118FA /* DoubleViewBuilder.swift */; };
		8DB6BB0725AABA82008118FA /* BottomSheetContainerViewController.swift in Sources */ = {isa = PBXBuildFile; fileRef = 8DB6BB0625AABA82008118FA /* BottomSheetContainerViewController.swift */; };
		8DB6BB0C25AACE7A008118FA /* DoubleViewController.swift in Sources */ = {isa = PBXBuildFile; fileRef = 8DB6BB0B25AACE7A008118FA /* DoubleViewController.swift */; };
		8DB6BB2825AC09AE008118FA /* XCTest+Extensions.swift in Sources */ = {isa = PBXBuildFile; fileRef = 8DB6BB2725AC09AE008118FA /* XCTest+Extensions.swift */; };
/* End PBXBuildFile section */

/* Begin PBXContainerItemProxy section */
		62F165D125360DF400AFDF3B /* PBXContainerItemProxy */ = {
			isa = PBXContainerItemProxy;
			containerPortal = 62F165B225360DF300AFDF3B /* Project object */;
			proxyType = 1;
			remoteGlobalIDString = 62F165B925360DF300AFDF3B;
			remoteInfo = FormScrollingiOS14;
		};
		62F165DC25360DF400AFDF3B /* PBXContainerItemProxy */ = {
			isa = PBXContainerItemProxy;
			containerPortal = 62F165B225360DF300AFDF3B /* Project object */;
			proxyType = 1;
			remoteGlobalIDString = 62F165B925360DF300AFDF3B;
			remoteInfo = FormScrollingiOS14;
		};
/* End PBXContainerItemProxy section */

/* Begin PBXFileReference section */
		62F165BA25360DF300AFDF3B /* FormScrollingiOS14.app */ = {isa = PBXFileReference; explicitFileType = wrapper.application; includeInIndex = 0; path = FormScrollingiOS14.app; sourceTree = BUILT_PRODUCTS_DIR; };
		62F165BD25360DF300AFDF3B /* AppDelegate.swift */ = {isa = PBXFileReference; lastKnownFileType = sourcecode.swift; path = AppDelegate.swift; sourceTree = "<group>"; };
		62F165C625360DF300AFDF3B /* Assets.xcassets */ = {isa = PBXFileReference; lastKnownFileType = folder.assetcatalog; path = Assets.xcassets; sourceTree = "<group>"; };
		62F165C925360DF300AFDF3B /* Base */ = {isa = PBXFileReference; lastKnownFileType = file.storyboard; name = Base; path = Base.lproj/LaunchScreen.storyboard; sourceTree = "<group>"; };
		62F165CB25360DF300AFDF3B /* Info.plist */ = {isa = PBXFileReference; lastKnownFileType = text.plist.xml; path = Info.plist; sourceTree = "<group>"; };
		62F165D025360DF400AFDF3B /* FormScrollingiOS14Tests.xctest */ = {isa = PBXFileReference; explicitFileType = wrapper.cfbundle; includeInIndex = 0; path = FormScrollingiOS14Tests.xctest; sourceTree = BUILT_PRODUCTS_DIR; };
		62F165D425360DF400AFDF3B /* FormScrollingiOS14Tests.swift */ = {isa = PBXFileReference; lastKnownFileType = sourcecode.swift; path = FormScrollingiOS14Tests.swift; sourceTree = "<group>"; };
		62F165D625360DF400AFDF3B /* Info.plist */ = {isa = PBXFileReference; lastKnownFileType = text.plist.xml; path = Info.plist; sourceTree = "<group>"; };
		62F165DB25360DF400AFDF3B /* FormScrollingiOS14UITests.xctest */ = {isa = PBXFileReference; explicitFileType = wrapper.cfbundle; includeInIndex = 0; path = FormScrollingiOS14UITests.xctest; sourceTree = BUILT_PRODUCTS_DIR; };
		62F165DF25360DF400AFDF3B /* FormScrollingiOS14UITests.swift */ = {isa = PBXFileReference; lastKnownFileType = sourcecode.swift; path = FormScrollingiOS14UITests.swift; sourceTree = "<group>"; };
		62F165E125360DF400AFDF3B /* Info.plist */ = {isa = PBXFileReference; lastKnownFileType = text.plist.xml; path = Info.plist; sourceTree = "<group>"; };
		62F165F82536124C00AFDF3B /* MainViewController.swift */ = {isa = PBXFileReference; lastKnownFileType = sourcecode.swift; path = MainViewController.swift; sourceTree = "<group>"; };
		62F1660C25364A8000AFDF3B /* UITextField+Extensions.swift */ = {isa = PBXFileReference; lastKnownFileType = sourcecode.swift; path = "UITextField+Extensions.swift"; sourceTree = "<group>"; };
		8DB6BAFE25AAB029008118FA /* DoubleViewBuilder.swift */ = {isa = PBXFileReference; lastKnownFileType = sourcecode.swift; path = DoubleViewBuilder.swift; sourceTree = "<group>"; };
		8DB6BB0625AABA82008118FA /* BottomSheetContainerViewController.swift */ = {isa = PBXFileReference; lastKnownFileType = sourcecode.swift; path = BottomSheetContainerViewController.swift; sourceTree = "<group>"; };
		8DB6BB0B25AACE7A008118FA /* DoubleViewController.swift */ = {isa = PBXFileReference; lastKnownFileType = sourcecode.swift; path = DoubleViewController.swift; sourceTree = "<group>"; };
		8DB6BB2725AC09AE008118FA /* XCTest+Extensions.swift */ = {isa = PBXFileReference; lastKnownFileType = sourcecode.swift; path = "XCTest+Extensions.swift"; sourceTree = "<group>"; };
/* End PBXFileReference section */

/* Begin PBXFrameworksBuildPhase section */
		62F165B725360DF300AFDF3B /* Frameworks */ = {
			isa = PBXFrameworksBuildPhase;
			buildActionMask = 2147483647;
			files = (
			);
			runOnlyForDeploymentPostprocessing = 0;
		};
		62F165CD25360DF400AFDF3B /* Frameworks */ = {
			isa = PBXFrameworksBuildPhase;
			buildActionMask = 2147483647;
			files = (
			);
			runOnlyForDeploymentPostprocessing = 0;
		};
		62F165D825360DF400AFDF3B /* Frameworks */ = {
			isa = PBXFrameworksBuildPhase;
			buildActionMask = 2147483647;
			files = (
			);
			runOnlyForDeploymentPostprocessing = 0;
		};
/* End PBXFrameworksBuildPhase section */

/* Begin PBXGroup section */
		62F165B125360DF300AFDF3B = {
			isa = PBXGroup;
			children = (
				62F165BC25360DF300AFDF3B /* FormScrollingiOS14 */,
				62F165D325360DF400AFDF3B /* FormScrollingiOS14Tests */,
				62F165DE25360DF400AFDF3B /* FormScrollingiOS14UITests */,
				62F165BB25360DF300AFDF3B /* Products */,
			);
			sourceTree = "<group>";
		};
		62F165BB25360DF300AFDF3B /* Products */ = {
			isa = PBXGroup;
			children = (
				62F165BA25360DF300AFDF3B /* FormScrollingiOS14.app */,
				62F165D025360DF400AFDF3B /* FormScrollingiOS14Tests.xctest */,
				62F165DB25360DF400AFDF3B /* FormScrollingiOS14UITests.xctest */,
			);
			name = Products;
			sourceTree = "<group>";
		};
		62F165BC25360DF300AFDF3B /* FormScrollingiOS14 */ = {
			isa = PBXGroup;
			children = (
				62F165BD25360DF300AFDF3B /* AppDelegate.swift */,
				62F165C625360DF300AFDF3B /* Assets.xcassets */,
				8DB6BB3225AE6DDD008118FA /* DoubleView */,
				8DB6BB1625AACE88008118FA /* Extensions */,
				62F165CB25360DF300AFDF3B /* Info.plist */,
				62F165C825360DF300AFDF3B /* LaunchScreen.storyboard */,
				62F165F82536124C00AFDF3B /* MainViewController.swift */,
			);
			path = FormScrollingiOS14;
			sourceTree = "<group>";
		};
		62F165D325360DF400AFDF3B /* FormScrollingiOS14Tests */ = {
			isa = PBXGroup;
			children = (
				8DB6BB2625AC0975008118FA /* Extensions */,
				62F165D425360DF400AFDF3B /* FormScrollingiOS14Tests.swift */,
				62F165D625360DF400AFDF3B /* Info.plist */,
			);
			path = FormScrollingiOS14Tests;
			sourceTree = "<group>";
		};
		62F165DE25360DF400AFDF3B /* FormScrollingiOS14UITests */ = {
			isa = PBXGroup;
			children = (
				62F165DF25360DF400AFDF3B /* FormScrollingiOS14UITests.swift */,
				62F165E125360DF400AFDF3B /* Info.plist */,
			);
			path = FormScrollingiOS14UITests;
			sourceTree = "<group>";
		};
		8DB6BB1625AACE88008118FA /* Extensions */ = {
			isa = PBXGroup;
			children = (
				62F1660C25364A8000AFDF3B /* UITextField+Extensions.swift */,
			);
			path = Extensions;
			sourceTree = "<group>";
		};
		8DB6BB2625AC0975008118FA /* Extensions */ = {
			isa = PBXGroup;
			children = (
				8DB6BB2725AC09AE008118FA /* XCTest+Extensions.swift */,
			);
			path = Extensions;
			sourceTree = "<group>";
		};
		8DB6BB3225AE6DDD008118FA /* DoubleView */ = {
			isa = PBXGroup;
			children = (
				8DB6BB0B25AACE7A008118FA /* DoubleViewController.swift */,
				8DB6BB0625AABA82008118FA /* BottomSheetContainerViewController.swift */,
				8DB6BAFE25AAB029008118FA /* DoubleViewBuilder.swift */,
			);
			path = DoubleView;
			sourceTree = "<group>";
		};
/* End PBXGroup section */

/* Begin PBXNativeTarget section */
		62F165B925360DF300AFDF3B /* FormScrollingiOS14 */ = {
			isa = PBXNativeTarget;
			buildConfigurationList = 62F165E425360DF400AFDF3B /* Build configuration list for PBXNativeTarget "FormScrollingiOS14" */;
			buildPhases = (
				62F165B625360DF300AFDF3B /* Sources */,
				62F165B725360DF300AFDF3B /* Frameworks */,
				62F165B825360DF300AFDF3B /* Resources */,
			);
			buildRules = (
			);
			dependencies = (
			);
			name = FormScrollingiOS14;
			productName = FormScrollingiOS14;
			productReference = 62F165BA25360DF300AFDF3B /* FormScrollingiOS14.app */;
			productType = "com.apple.product-type.application";
		};
		62F165CF25360DF400AFDF3B /* FormScrollingiOS14Tests */ = {
			isa = PBXNativeTarget;
			buildConfigurationList = 62F165E725360DF400AFDF3B /* Build configuration list for PBXNativeTarget "FormScrollingiOS14Tests" */;
			buildPhases = (
				62F165CC25360DF400AFDF3B /* Sources */,
				62F165CD25360DF400AFDF3B /* Frameworks */,
				62F165CE25360DF400AFDF3B /* Resources */,
			);
			buildRules = (
			);
			dependencies = (
				62F165D225360DF400AFDF3B /* PBXTargetDependency */,
			);
			name = FormScrollingiOS14Tests;
			productName = FormScrollingiOS14Tests;
			productReference = 62F165D025360DF400AFDF3B /* FormScrollingiOS14Tests.xctest */;
			productType = "com.apple.product-type.bundle.unit-test";
		};
		62F165DA25360DF400AFDF3B /* FormScrollingiOS14UITests */ = {
			isa = PBXNativeTarget;
			buildConfigurationList = 62F165EA25360DF400AFDF3B /* Build configuration list for PBXNativeTarget "FormScrollingiOS14UITests" */;
			buildPhases = (
				62F165D725360DF400AFDF3B /* Sources */,
				62F165D825360DF400AFDF3B /* Frameworks */,
				62F165D925360DF400AFDF3B /* Resources */,
			);
			buildRules = (
			);
			dependencies = (
				62F165DD25360DF400AFDF3B /* PBXTargetDependency */,
			);
			name = FormScrollingiOS14UITests;
			productName = FormScrollingiOS14UITests;
			productReference = 62F165DB25360DF400AFDF3B /* FormScrollingiOS14UITests.xctest */;
			productType = "com.apple.product-type.bundle.ui-testing";
		};
/* End PBXNativeTarget section */

/* Begin PBXProject section */
		62F165B225360DF300AFDF3B /* Project object */ = {
			isa = PBXProject;
			attributes = {
				LastSwiftUpdateCheck = 1200;
				LastUpgradeCheck = 1200;
				TargetAttributes = {
					62F165B925360DF300AFDF3B = {
						CreatedOnToolsVersion = 12.0.1;
					};
					62F165CF25360DF400AFDF3B = {
						CreatedOnToolsVersion = 12.0.1;
						TestTargetID = 62F165B925360DF300AFDF3B;
					};
					62F165DA25360DF400AFDF3B = {
						CreatedOnToolsVersion = 12.0.1;
						TestTargetID = 62F165B925360DF300AFDF3B;
					};
				};
			};
			buildConfigurationList = 62F165B525360DF300AFDF3B /* Build configuration list for PBXProject "FormScrollingiOS14" */;
			compatibilityVersion = "Xcode 9.3";
			developmentRegion = en;
			hasScannedForEncodings = 0;
			knownRegions = (
				en,
				Base,
			);
			mainGroup = 62F165B125360DF300AFDF3B;
			productRefGroup = 62F165BB25360DF300AFDF3B /* Products */;
			projectDirPath = "";
			projectRoot = "";
			targets = (
				62F165B925360DF300AFDF3B /* FormScrollingiOS14 */,
				62F165CF25360DF400AFDF3B /* FormScrollingiOS14Tests */,
				62F165DA25360DF400AFDF3B /* FormScrollingiOS14UITests */,
			);
		};
/* End PBXProject section */

/* Begin PBXResourcesBuildPhase section */
		62F165B825360DF300AFDF3B /* Resources */ = {
			isa = PBXResourcesBuildPhase;
			buildActionMask = 2147483647;
			files = (
				62F165CA25360DF300AFDF3B /* LaunchScreen.storyboard in Resources */,
				62F165C725360DF300AFDF3B /* Assets.xcassets in Resources */,
			);
			runOnlyForDeploymentPostprocessing = 0;
		};
		62F165CE25360DF400AFDF3B /* Resources */ = {
			isa = PBXResourcesBuildPhase;
			buildActionMask = 2147483647;
			files = (
			);
			runOnlyForDeploymentPostprocessing = 0;
		};
		62F165D925360DF400AFDF3B /* Resources */ = {
			isa = PBXResourcesBuildPhase;
			buildActionMask = 2147483647;
			files = (
			);
			runOnlyForDeploymentPostprocessing = 0;
		};
/* End PBXResourcesBuildPhase section */

/* Begin PBXSourcesBuildPhase section */
		62F165B625360DF300AFDF3B /* Sources */ = {
			isa = PBXSourcesBuildPhase;
			buildActionMask = 2147483647;
			files = (
				8DB6BB0725AABA82008118FA /* BottomSheetContainerViewController.swift in Sources */,
				8DB6BB0C25AACE7A008118FA /* DoubleViewController.swift in Sources */,
				62F1660D25364A8000AFDF3B /* UITextField+Extensions.swift in Sources */,
				62F165BE25360DF300AFDF3B /* AppDelegate.swift in Sources */,
				8DB6BAFF25AAB029008118FA /* DoubleViewBuilder.swift in Sources */,
				62F165F92536124C00AFDF3B /* MainViewController.swift in Sources */,
			);
			runOnlyForDeploymentPostprocessing = 0;
		};
		62F165CC25360DF400AFDF3B /* Sources */ = {
			isa = PBXSourcesBuildPhase;
			buildActionMask = 2147483647;
			files = (
				8DB6BB2825AC09AE008118FA /* XCTest+Extensions.swift in Sources */,
				62F165D525360DF400AFDF3B /* FormScrollingiOS14Tests.swift in Sources */,
			);
			runOnlyForDeploymentPostprocessing = 0;
		};
		62F165D725360DF400AFDF3B /* Sources */ = {
			isa = PBXSourcesBuildPhase;
			buildActionMask = 2147483647;
			files = (
				62F165E025360DF400AFDF3B /* FormScrollingiOS14UITests.swift in Sources */,
			);
			runOnlyForDeploymentPostprocessing = 0;
		};
/* End PBXSourcesBuildPhase section */

/* Begin PBXTargetDependency section */
		62F165D225360DF400AFDF3B /* PBXTargetDependency */ = {
			isa = PBXTargetDependency;
			target = 62F165B925360DF300AFDF3B /* FormScrollingiOS14 */;
			targetProxy = 62F165D125360DF400AFDF3B /* PBXContainerItemProxy */;
		};
		62F165DD25360DF400AFDF3B /* PBXTargetDependency */ = {
			isa = PBXTargetDependency;
			target = 62F165B925360DF300AFDF3B /* FormScrollingiOS14 */;
			targetProxy = 62F165DC25360DF400AFDF3B /* PBXContainerItemProxy */;
		};
/* End PBXTargetDependency section */

/* Begin PBXVariantGroup section */
		62F165C825360DF300AFDF3B /* LaunchScreen.storyboard */ = {
			isa = PBXVariantGroup;
			children = (
				62F165C925360DF300AFDF3B /* Base */,
			);
			name = LaunchScreen.storyboard;
			sourceTree = "<group>";
		};
/* End PBXVariantGroup section */

/* Begin XCBuildConfiguration section */
		62F165E225360DF400AFDF3B /* Debug */ = {
			isa = XCBuildConfiguration;
			buildSettings = {
				ALWAYS_SEARCH_USER_PATHS = NO;
				CLANG_ANALYZER_NONNULL = YES;
				CLANG_ANALYZER_NUMBER_OBJECT_CONVERSION = YES_AGGRESSIVE;
				CLANG_CXX_LANGUAGE_STANDARD = "gnu++14";
				CLANG_CXX_LIBRARY = "libc++";
				CLANG_ENABLE_MODULES = YES;
				CLANG_ENABLE_OBJC_ARC = YES;
				CLANG_ENABLE_OBJC_WEAK = YES;
				CLANG_WARN_BLOCK_CAPTURE_AUTORELEASING = YES;
				CLANG_WARN_BOOL_CONVERSION = YES;
				CLANG_WARN_COMMA = YES;
				CLANG_WARN_CONSTANT_CONVERSION = YES;
				CLANG_WARN_DEPRECATED_OBJC_IMPLEMENTATIONS = YES;
				CLANG_WARN_DIRECT_OBJC_ISA_USAGE = YES_ERROR;
				CLANG_WARN_DOCUMENTATION_COMMENTS = YES;
				CLANG_WARN_EMPTY_BODY = YES;
				CLANG_WARN_ENUM_CONVERSION = YES;
				CLANG_WARN_INFINITE_RECURSION = YES;
				CLANG_WARN_INT_CONVERSION = YES;
				CLANG_WARN_NON_LITERAL_NULL_CONVERSION = YES;
				CLANG_WARN_OBJC_IMPLICIT_RETAIN_SELF = YES;
				CLANG_WARN_OBJC_LITERAL_CONVERSION = YES;
				CLANG_WARN_OBJC_ROOT_CLASS = YES_ERROR;
				CLANG_WARN_QUOTED_INCLUDE_IN_FRAMEWORK_HEADER = YES;
				CLANG_WARN_RANGE_LOOP_ANALYSIS = YES;
				CLANG_WARN_STRICT_PROTOTYPES = YES;
				CLANG_WARN_SUSPICIOUS_MOVE = YES;
				CLANG_WARN_UNGUARDED_AVAILABILITY = YES_AGGRESSIVE;
				CLANG_WARN_UNREACHABLE_CODE = YES;
				CLANG_WARN__DUPLICATE_METHOD_MATCH = YES;
				COPY_PHASE_STRIP = NO;
				DEBUG_INFORMATION_FORMAT = dwarf;
				ENABLE_STRICT_OBJC_MSGSEND = YES;
				ENABLE_TESTABILITY = YES;
				GCC_C_LANGUAGE_STANDARD = gnu11;
				GCC_DYNAMIC_NO_PIC = NO;
				GCC_NO_COMMON_BLOCKS = YES;
				GCC_OPTIMIZATION_LEVEL = 0;
				GCC_PREPROCESSOR_DEFINITIONS = (
					"DEBUG=1",
					"$(inherited)",
				);
				GCC_WARN_64_TO_32_BIT_CONVERSION = YES;
				GCC_WARN_ABOUT_RETURN_TYPE = YES_ERROR;
				GCC_WARN_UNDECLARED_SELECTOR = YES;
				GCC_WARN_UNINITIALIZED_AUTOS = YES_AGGRESSIVE;
				GCC_WARN_UNUSED_FUNCTION = YES;
				GCC_WARN_UNUSED_VARIABLE = YES;
				IPHONEOS_DEPLOYMENT_TARGET = 13.0;
				MTL_ENABLE_DEBUG_INFO = INCLUDE_SOURCE;
				MTL_FAST_MATH = YES;
				ONLY_ACTIVE_ARCH = YES;
				SDKROOT = iphoneos;
				SWIFT_ACTIVE_COMPILATION_CONDITIONS = DEBUG;
				SWIFT_OPTIMIZATION_LEVEL = "-Onone";
			};
			name = Debug;
		};
		62F165E325360DF400AFDF3B /* Release */ = {
			isa = XCBuildConfiguration;
			buildSettings = {
				ALWAYS_SEARCH_USER_PATHS = NO;
				CLANG_ANALYZER_NONNULL = YES;
				CLANG_ANALYZER_NUMBER_OBJECT_CONVERSION = YES_AGGRESSIVE;
				CLANG_CXX_LANGUAGE_STANDARD = "gnu++14";
				CLANG_CXX_LIBRARY = "libc++";
				CLANG_ENABLE_MODULES = YES;
				CLANG_ENABLE_OBJC_ARC = YES;
				CLANG_ENABLE_OBJC_WEAK = YES;
				CLANG_WARN_BLOCK_CAPTURE_AUTORELEASING = YES;
				CLANG_WARN_BOOL_CONVERSION = YES;
				CLANG_WARN_COMMA = YES;
				CLANG_WARN_CONSTANT_CONVERSION = YES;
				CLANG_WARN_DEPRECATED_OBJC_IMPLEMENTATIONS = YES;
				CLANG_WARN_DIRECT_OBJC_ISA_USAGE = YES_ERROR;
				CLANG_WARN_DOCUMENTATION_COMMENTS = YES;
				CLANG_WARN_EMPTY_BODY = YES;
				CLANG_WARN_ENUM_CONVERSION = YES;
				CLANG_WARN_INFINITE_RECURSION = YES;
				CLANG_WARN_INT_CONVERSION = YES;
				CLANG_WARN_NON_LITERAL_NULL_CONVERSION = YES;
				CLANG_WARN_OBJC_IMPLICIT_RETAIN_SELF = YES;
				CLANG_WARN_OBJC_LITERAL_CONVERSION = YES;
				CLANG_WARN_OBJC_ROOT_CLASS = YES_ERROR;
				CLANG_WARN_QUOTED_INCLUDE_IN_FRAMEWORK_HEADER = YES;
				CLANG_WARN_RANGE_LOOP_ANALYSIS = YES;
				CLANG_WARN_STRICT_PROTOTYPES = YES;
				CLANG_WARN_SUSPICIOUS_MOVE = YES;
				CLANG_WARN_UNGUARDED_AVAILABILITY = YES_AGGRESSIVE;
				CLANG_WARN_UNREACHABLE_CODE = YES;
				CLANG_WARN__DUPLICATE_METHOD_MATCH = YES;
				COPY_PHASE_STRIP = NO;
				DEBUG_INFORMATION_FORMAT = "dwarf-with-dsym";
				ENABLE_NS_ASSERTIONS = NO;
				ENABLE_STRICT_OBJC_MSGSEND = YES;
				GCC_C_LANGUAGE_STANDARD = gnu11;
				GCC_NO_COMMON_BLOCKS = YES;
				GCC_WARN_64_TO_32_BIT_CONVERSION = YES;
				GCC_WARN_ABOUT_RETURN_TYPE = YES_ERROR;
				GCC_WARN_UNDECLARED_SELECTOR = YES;
				GCC_WARN_UNINITIALIZED_AUTOS = YES_AGGRESSIVE;
				GCC_WARN_UNUSED_FUNCTION = YES;
				GCC_WARN_UNUSED_VARIABLE = YES;
				IPHONEOS_DEPLOYMENT_TARGET = 13.0;
				MTL_ENABLE_DEBUG_INFO = NO;
				MTL_FAST_MATH = YES;
				SDKROOT = iphoneos;
				SWIFT_COMPILATION_MODE = wholemodule;
				SWIFT_OPTIMIZATION_LEVEL = "-O";
				VALIDATE_PRODUCT = YES;
			};
			name = Release;
		};
		62F165E525360DF400AFDF3B /* Debug */ = {
			isa = XCBuildConfiguration;
			buildSettings = {
				ASSETCATALOG_COMPILER_APPICON_NAME = AppIcon;
				ASSETCATALOG_COMPILER_GLOBAL_ACCENT_COLOR_NAME = AccentColor;
				CODE_SIGN_STYLE = Automatic;
				DEVELOPMENT_TEAM = L3C6LVSFL5;
				INFOPLIST_FILE = FormScrollingiOS14/Info.plist;
				LD_RUNPATH_SEARCH_PATHS = (
					"$(inherited)",
					"@executable_path/Frameworks",
				);
				PRODUCT_BUNDLE_IDENTIFIER = work.monkey.examples.FormScrollingiOS14;
				PRODUCT_NAME = "$(TARGET_NAME)";
				SWIFT_VERSION = 5.0;
				TARGETED_DEVICE_FAMILY = "1,2";
			};
			name = Debug;
		};
		62F165E625360DF400AFDF3B /* Release */ = {
			isa = XCBuildConfiguration;
			buildSettings = {
				ASSETCATALOG_COMPILER_APPICON_NAME = AppIcon;
				ASSETCATALOG_COMPILER_GLOBAL_ACCENT_COLOR_NAME = AccentColor;
				CODE_SIGN_STYLE = Automatic;
				DEVELOPMENT_TEAM = L3C6LVSFL5;
				INFOPLIST_FILE = FormScrollingiOS14/Info.plist;
				LD_RUNPATH_SEARCH_PATHS = (
					"$(inherited)",
					"@executable_path/Frameworks",
				);
				PRODUCT_BUNDLE_IDENTIFIER = work.monkey.examples.FormScrollingiOS14;
				PRODUCT_NAME = "$(TARGET_NAME)";
				SWIFT_VERSION = 5.0;
				TARGETED_DEVICE_FAMILY = "1,2";
			};
			name = Release;
		};
		62F165E825360DF400AFDF3B /* Debug */ = {
			isa = XCBuildConfiguration;
			buildSettings = {
				ALWAYS_EMBED_SWIFT_STANDARD_LIBRARIES = YES;
				BUNDLE_LOADER = "$(TEST_HOST)";
				CODE_SIGN_STYLE = Automatic;
				INFOPLIST_FILE = FormScrollingiOS14Tests/Info.plist;
				IPHONEOS_DEPLOYMENT_TARGET = 14.0;
				LD_RUNPATH_SEARCH_PATHS = (
					"$(inherited)",
					"@executable_path/Frameworks",
					"@loader_path/Frameworks",
				);
				PRODUCT_BUNDLE_IDENTIFIER = work.monkey.examples.FormScrollingiOS14Tests;
				PRODUCT_NAME = "$(TARGET_NAME)";
				SWIFT_VERSION = 5.0;
				TARGETED_DEVICE_FAMILY = "1,2";
				TEST_HOST = "$(BUILT_PRODUCTS_DIR)/FormScrollingiOS14.app/FormScrollingiOS14";
			};
			name = Debug;
		};
		62F165E925360DF400AFDF3B /* Release */ = {
			isa = XCBuildConfiguration;
			buildSettings = {
				ALWAYS_EMBED_SWIFT_STANDARD_LIBRARIES = YES;
				BUNDLE_LOADER = "$(TEST_HOST)";
				CODE_SIGN_STYLE = Automatic;
				INFOPLIST_FILE = FormScrollingiOS14Tests/Info.plist;
				IPHONEOS_DEPLOYMENT_TARGET = 14.0;
				LD_RUNPATH_SEARCH_PATHS = (
					"$(inherited)",
					"@executable_path/Frameworks",
					"@loader_path/Frameworks",
				);
				PRODUCT_BUNDLE_IDENTIFIER = work.monkey.examples.FormScrollingiOS14Tests;
				PRODUCT_NAME = "$(TARGET_NAME)";
				SWIFT_VERSION = 5.0;
				TARGETED_DEVICE_FAMILY = "1,2";
				TEST_HOST = "$(BUILT_PRODUCTS_DIR)/FormScrollingiOS14.app/FormScrollingiOS14";
			};
			name = Release;
		};
		62F165EB25360DF400AFDF3B /* Debug */ = {
			isa = XCBuildConfiguration;
			buildSettings = {
				ALWAYS_EMBED_SWIFT_STANDARD_LIBRARIES = YES;
				CODE_SIGN_STYLE = Automatic;
				INFOPLIST_FILE = FormScrollingiOS14UITests/Info.plist;
				LD_RUNPATH_SEARCH_PATHS = (
					"$(inherited)",
					"@executable_path/Frameworks",
					"@loader_path/Frameworks",
				);
				PRODUCT_BUNDLE_IDENTIFIER = work.monkey.examples.FormScrollingiOS14UITests;
				PRODUCT_NAME = "$(TARGET_NAME)";
				SWIFT_VERSION = 5.0;
				TARGETED_DEVICE_FAMILY = "1,2";
				TEST_TARGET_NAME = FormScrollingiOS14;
			};
			name = Debug;
		};
		62F165EC25360DF400AFDF3B /* Release */ = {
			isa = XCBuildConfiguration;
			buildSettings = {
				ALWAYS_EMBED_SWIFT_STANDARD_LIBRARIES = YES;
				CODE_SIGN_STYLE = Automatic;
				INFOPLIST_FILE = FormScrollingiOS14UITests/Info.plist;
				LD_RUNPATH_SEARCH_PATHS = (
					"$(inherited)",
					"@executable_path/Frameworks",
					"@loader_path/Frameworks",
				);
				PRODUCT_BUNDLE_IDENTIFIER = work.monkey.examples.FormScrollingiOS14UITests;
				PRODUCT_NAME = "$(TARGET_NAME)";
				SWIFT_VERSION = 5.0;
				TARGETED_DEVICE_FAMILY = "1,2";
				TEST_TARGET_NAME = FormScrollingiOS14;
			};
			name = Release;
		};
/* End XCBuildConfiguration section */

/* Begin XCConfigurationList section */
		62F165B525360DF300AFDF3B /* Build configuration list for PBXProject "FormScrollingiOS14" */ = {
			isa = XCConfigurationList;
			buildConfigurations = (
				62F165E225360DF400AFDF3B /* Debug */,
				62F165E325360DF400AFDF3B /* Release */,
			);
			defaultConfigurationIsVisible = 0;
			defaultConfigurationName = Release;
		};
		62F165E425360DF400AFDF3B /* Build configuration list for PBXNativeTarget "FormScrollingiOS14" */ = {
			isa = XCConfigurationList;
			buildConfigurations = (
				62F165E525360DF400AFDF3B /* Debug */,
				62F165E625360DF400AFDF3B /* Release */,
			);
			defaultConfigurationIsVisible = 0;
			defaultConfigurationName = Release;
		};
		62F165E725360DF400AFDF3B /* Build configuration list for PBXNativeTarget "FormScrollingiOS14Tests" */ = {
			isa = XCConfigurationList;
			buildConfigurations = (
				62F165E825360DF400AFDF3B /* Debug */,
				62F165E925360DF400AFDF3B /* Release */,
			);
			defaultConfigurationIsVisible = 0;
			defaultConfigurationName = Release;
		};
		62F165EA25360DF400AFDF3B /* Build configuration list for PBXNativeTarget "FormScrollingiOS14UITests" */ = {
			isa = XCConfigurationList;
			buildConfigurations = (
				62F165EB25360DF400AFDF3B /* Debug */,
				62F165EC25360DF400AFDF3B /* Release */,
			);
			defaultConfigurationIsVisible = 0;
			defaultConfigurationName = Release;
		};
/* End XCConfigurationList section */
	};
	rootObject = 62F165B225360DF300AFDF3B /* Project object */;
}
